
Microsoft Visual Studio Solution File, Format Version 12.00
# Visual Studio Version 17
VisualStudioVersion = 17.5.33516.290
MinimumVisualStudioVersion = 10.0.40219.1
Project("{FAE04EC0-301F-11D3-BF4B-00C04F79EFBC}") = "MonitoringApi", "MonitoringApi\MonitoringApi.csproj", "{5B956D8E-7ACB-4239-89D9-D38B401A754E}"
EndProject
Global
	GlobalSection(SolutionConfigurationPlatforms) = preSolution
		Debug|Any CPU = Debug|Any CPU
		Release|Any CPU = Release|Any CPU
	EndGlobalSection
	GlobalSection(ProjectConfigurationPlatforms) = postSolution
		{5B956D8E-7ACB-4239-89D9-D38B401A754E}.Debug|Any CPU.ActiveCfg = Debug|Any CPU
		{5B956D8E-7ACB-4239-89D9-D38B401A754E}.Debug|Any CPU.Build.0 = Debug|Any CPU
		{5B956D8E-7ACB-4239-89D9-D38B401A754E}.Release|Any CPU.ActiveCfg = Release|Any CPU
		{5B956D8E-7ACB-4239-89D9-D38B401A754E}.Release|Any CPU.Build.0 = Release|Any CPU
	EndGlobalSection
	GlobalSection(SolutionProperties) = preSolution
		HideSolutionNode = FALSE
	EndGlobalSection
	GlobalSection(ExtensibilityGlobals) = postSolution
		SolutionGuid = {EFEF21A0-F89D-4F9D-8866-B9B049E5BE91}
	EndGlobalSection
EndGlobal
