
Microsoft Visual Studio Solution File, Format Version 12.00
# Visual Studio Version 17
VisualStudioVersion = 17.5.33516.290
MinimumVisualStudioVersion = 10.0.40219.1
Project("{FAE04EC0-301F-11D3-BF4B-00C04F79EFBC}") = "VersionedApi", "VersionedApi\VersionedApi.csproj", "{31C703B6-1A40-4EFE-A2D6-58736C98564A}"
EndProject
Global
	GlobalSection(SolutionConfigurationPlatforms) = preSolution
		Debug|Any CPU = Debug|Any CPU
		Release|Any CPU = Release|Any CPU
	EndGlobalSection
	GlobalSection(ProjectConfigurationPlatforms) = postSolution
		{31C703B6-1A40-4EFE-A2D6-58736C98564A}.Debug|Any CPU.ActiveCfg = Debug|Any CPU
		{31C703B6-1A40-4EFE-A2D6-58736C98564A}.Debug|Any CPU.Build.0 = Debug|Any CPU
		{31C703B6-1A40-4EFE-A2D6-58736C98564A}.Release|Any CPU.ActiveCfg = Release|Any CPU
		{31C703B6-1A40-4EFE-A2D6-58736C98564A}.Release|Any CPU.Build.0 = Release|Any CPU
	EndGlobalSection
	GlobalSection(SolutionProperties) = preSolution
		HideSolutionNode = FALSE
	EndGlobalSection
	GlobalSection(ExtensibilityGlobals) = postSolution
		SolutionGuid = {E9ECBFE7-FE95-410F-A08E-7B6A284E6AC5}
	EndGlobalSection
EndGlobal
